// !$*UTF8*$!
{
	archiveVersion = 1;
	classes = {
	};
	objectVersion = 48;
	objects = {

/* Begin PBXBuildFile section */
		7200C5E62003FD45004224C4 /* OTMClient.swift in Sources */ = {isa = PBXBuildFile; fileRef = 7200C5E52003FD45004224C4 /* OTMClient.swift */; };
		7200C5EA200404EA004224C4 /* OTMConvenience.swift in Sources */ = {isa = PBXBuildFile; fileRef = 7200C5E9200404EA004224C4 /* OTMConvenience.swift */; };
		72F6BB8420029AAE00018465 /* Reachability.swift in Sources */ = {isa = PBXBuildFile; fileRef = 72F6BB8220029AAE00018465 /* Reachability.swift */; };
		72F88DDB20018D5100707733 /* AppDelegate.swift in Sources */ = {isa = PBXBuildFile; fileRef = 72F88DDA20018D5100707733 /* AppDelegate.swift */; };
		72F88DDD20018D5100707733 /* LoginViewController.swift in Sources */ = {isa = PBXBuildFile; fileRef = 72F88DDC20018D5100707733 /* LoginViewController.swift */; };
		72F88DE020018D5100707733 /* Main.storyboard in Resources */ = {isa = PBXBuildFile; fileRef = 72F88DDE20018D5100707733 /* Main.storyboard */; };
		72F88DE220018D5100707733 /* Assets.xcassets in Resources */ = {isa = PBXBuildFile; fileRef = 72F88DE120018D5100707733 /* Assets.xcassets */; };
		72F88DE520018D5100707733 /* LaunchScreen.storyboard in Resources */ = {isa = PBXBuildFile; fileRef = 72F88DE320018D5100707733 /* LaunchScreen.storyboard */; };
		72F88DEE200197E300707733 /* OTMConstants.swift in Sources */ = {isa = PBXBuildFile; fileRef = 72F88DED200197E300707733 /* OTMConstants.swift */; };
/* End PBXBuildFile section */

/* Begin PBXFileReference section */
		7200C5E52003FD45004224C4 /* OTMClient.swift */ = {isa = PBXFileReference; lastKnownFileType = sourcecode.swift; path = OTMClient.swift; sourceTree = "<group>"; };
		7200C5E9200404EA004224C4 /* OTMConvenience.swift */ = {isa = PBXFileReference; lastKnownFileType = sourcecode.swift; path = OTMConvenience.swift; sourceTree = "<group>"; };
		72F6BB8220029AAE00018465 /* Reachability.swift */ = {isa = PBXFileReference; fileEncoding = 4; lastKnownFileType = sourcecode.swift; path = Reachability.swift; sourceTree = "<group>"; };
		72F88DD720018D5100707733 /* On The Map.app */ = {isa = PBXFileReference; explicitFileType = wrapper.application; includeInIndex = 0; path = "On The Map.app"; sourceTree = BUILT_PRODUCTS_DIR; };
		72F88DDA20018D5100707733 /* AppDelegate.swift */ = {isa = PBXFileReference; lastKnownFileType = sourcecode.swift; path = AppDelegate.swift; sourceTree = "<group>"; };
		72F88DDC20018D5100707733 /* LoginViewController.swift */ = {isa = PBXFileReference; lastKnownFileType = sourcecode.swift; path = LoginViewController.swift; sourceTree = "<group>"; };
		72F88DDF20018D5100707733 /* Base */ = {isa = PBXFileReference; lastKnownFileType = file.storyboard; name = Base; path = Base.lproj/Main.storyboard; sourceTree = "<group>"; };
		72F88DE120018D5100707733 /* Assets.xcassets */ = {isa = PBXFileReference; lastKnownFileType = folder.assetcatalog; path = Assets.xcassets; sourceTree = "<group>"; };
		72F88DE420018D5100707733 /* Base */ = {isa = PBXFileReference; lastKnownFileType = file.storyboard; name = Base; path = Base.lproj/LaunchScreen.storyboard; sourceTree = "<group>"; };
		72F88DE620018D5100707733 /* Info.plist */ = {isa = PBXFileReference; lastKnownFileType = text.plist.xml; path = Info.plist; sourceTree = "<group>"; };
		72F88DED200197E300707733 /* OTMConstants.swift */ = {isa = PBXFileReference; lastKnownFileType = sourcecode.swift; path = OTMConstants.swift; sourceTree = "<group>"; };
/* End PBXFileReference section */

/* Begin PBXFrameworksBuildPhase section */
		72F88DD420018D5100707733 /* Frameworks */ = {
			isa = PBXFrameworksBuildPhase;
			buildActionMask = 2147483647;
			files = (
			);
			runOnlyForDeploymentPostprocessing = 0;
		};
/* End PBXFrameworksBuildPhase section */

/* Begin PBXGroup section */
		7200C5E720040411004224C4 /* Model */ = {
			isa = PBXGroup;
			children = (
				7200C5E820040415004224C4 /* Client */,
			);
			path = Model;
			sourceTree = "<group>";
		};
		7200C5E820040415004224C4 /* Client */ = {
			isa = PBXGroup;
			children = (
				7200C5E52003FD45004224C4 /* OTMClient.swift */,
				7200C5E9200404EA004224C4 /* OTMConvenience.swift */,
				72F88DED200197E300707733 /* OTMConstants.swift */,
			);
			path = Client;
			sourceTree = "<group>";
		};
		72F88DCE20018D5100707733 = {
			isa = PBXGroup;
			children = (
				72F88DD920018D5100707733 /* On The Map */,
				72F88DD820018D5100707733 /* Products */,
			);
			sourceTree = "<group>";
		};
		72F88DD820018D5100707733 /* Products */ = {
			isa = PBXGroup;
			children = (
				72F88DD720018D5100707733 /* On The Map.app */,
			);
			name = Products;
			sourceTree = "<group>";
		};
		72F88DD920018D5100707733 /* On The Map */ = {
			isa = PBXGroup;
			children = (
				7200C5E720040411004224C4 /* Model */,
				72F6BB8220029AAE00018465 /* Reachability.swift */,
				72F88DEC2001974F00707733 /* View Controllers */,
				72F88DDA20018D5100707733 /* AppDelegate.swift */,
				72F88DDE20018D5100707733 /* Main.storyboard */,
				72F88DE120018D5100707733 /* Assets.xcassets */,
				72F88DE320018D5100707733 /* LaunchScreen.storyboard */,
				72F88DE620018D5100707733 /* Info.plist */,
			);
			path = "On The Map";
			sourceTree = "<group>";
		};
		72F88DEC2001974F00707733 /* View Controllers */ = {
			isa = PBXGroup;
			children = (
				72F88DDC20018D5100707733 /* LoginViewController.swift */,
			);
			path = "View Controllers";
			sourceTree = "<group>";
		};
/* End PBXGroup section */

/* Begin PBXNativeTarget section */
		72F88DD620018D5100707733 /* On The Map */ = {
			isa = PBXNativeTarget;
			buildConfigurationList = 72F88DE920018D5100707733 /* Build configuration list for PBXNativeTarget "On The Map" */;
			buildPhases = (
				72F88DD320018D5100707733 /* Sources */,
				72F88DD420018D5100707733 /* Frameworks */,
				72F88DD520018D5100707733 /* Resources */,
			);
			buildRules = (
			);
			dependencies = (
			);
			name = "On The Map";
			productName = "On The Map";
			productReference = 72F88DD720018D5100707733 /* On The Map.app */;
			productType = "com.apple.product-type.application";
		};
/* End PBXNativeTarget section */

/* Begin PBXProject section */
		72F88DCF20018D5100707733 /* Project object */ = {
			isa = PBXProject;
			attributes = {
				LastSwiftUpdateCheck = 0920;
				LastUpgradeCheck = 0920;
				ORGANIZATIONNAME = "Timothy Ng";
				TargetAttributes = {
					72F88DD620018D5100707733 = {
						CreatedOnToolsVersion = 9.2;
						ProvisioningStyle = Automatic;
					};
				};
			};
			buildConfigurationList = 72F88DD220018D5100707733 /* Build configuration list for PBXProject "On The Map" */;
			compatibilityVersion = "Xcode 8.0";
			developmentRegion = en;
			hasScannedForEncodings = 0;
			knownRegions = (
				en,
				Base,
			);
			mainGroup = 72F88DCE20018D5100707733;
			productRefGroup = 72F88DD820018D5100707733 /* Products */;
			projectDirPath = "";
			projectRoot = "";
			targets = (
				72F88DD620018D5100707733 /* On The Map */,
			);
		};
/* End PBXProject section */

/* Begin PBXResourcesBuildPhase section */
		72F88DD520018D5100707733 /* Resources */ = {
			isa = PBXResourcesBuildPhase;
			buildActionMask = 2147483647;
			files = (
				72F88DE520018D5100707733 /* LaunchScreen.storyboard in Resources */,
				72F88DE220018D5100707733 /* Assets.xcassets in Resources */,
				72F88DE020018D5100707733 /* Main.storyboard in Resources */,
			);
			runOnlyForDeploymentPostprocessing = 0;
		};
/* End PBXResourcesBuildPhase section */

/* Begin PBXSourcesBuildPhase section */
		72F88DD320018D5100707733 /* Sources */ = {
			isa = PBXSourcesBuildPhase;
			buildActionMask = 2147483647;
			files = (
				72F88DEE200197E300707733 /* OTMConstants.swift in Sources */,
				72F88DDD20018D5100707733 /* LoginViewController.swift in Sources */,
				7200C5E62003FD45004224C4 /* OTMClient.swift in Sources */,
				72F6BB8420029AAE00018465 /* Reachability.swift in Sources */,
				7200C5EA200404EA004224C4 /* OTMConvenience.swift in Sources */,
				72F88DDB20018D5100707733 /* AppDelegate.swift in Sources */,
			);
			runOnlyForDeploymentPostprocessing = 0;
		};
/* End PBXSourcesBuildPhase section */

/* Begin PBXVariantGroup section */
		72F88DDE20018D5100707733 /* Main.storyboard */ = {
			isa = PBXVariantGroup;
			children = (
				72F88DDF20018D5100707733 /* Base */,
			);
			name = Main.storyboard;
			sourceTree = "<group>";
		};
		72F88DE320018D5100707733 /* LaunchScreen.storyboard */ = {
			isa = PBXVariantGroup;
			children = (
				72F88DE420018D5100707733 /* Base */,
			);
			name = LaunchScreen.storyboard;
			sourceTree = "<group>";
		};
/* End PBXVariantGroup section */

/* Begin XCBuildConfiguration section */
		72F88DE720018D5100707733 /* Debug */ = {
			isa = XCBuildConfiguration;
			buildSettings = {
				ALWAYS_SEARCH_USER_PATHS = NO;
				CLANG_ANALYZER_NONNULL = YES;
				CLANG_ANALYZER_NUMBER_OBJECT_CONVERSION = YES_AGGRESSIVE;
				CLANG_CXX_LANGUAGE_STANDARD = "gnu++14";
				CLANG_CXX_LIBRARY = "libc++";
				CLANG_ENABLE_MODULES = YES;
				CLANG_ENABLE_OBJC_ARC = YES;
				CLANG_WARN_BLOCK_CAPTURE_AUTORELEASING = YES;
				CLANG_WARN_BOOL_CONVERSION = YES;
				CLANG_WARN_COMMA = YES;
				CLANG_WARN_CONSTANT_CONVERSION = YES;
				CLANG_WARN_DIRECT_OBJC_ISA_USAGE = YES_ERROR;
				CLANG_WARN_DOCUMENTATION_COMMENTS = YES;
				CLANG_WARN_EMPTY_BODY = YES;
				CLANG_WARN_ENUM_CONVERSION = YES;
				CLANG_WARN_INFINITE_RECURSION = YES;
				CLANG_WARN_INT_CONVERSION = YES;
				CLANG_WARN_NON_LITERAL_NULL_CONVERSION = YES;
				CLANG_WARN_OBJC_LITERAL_CONVERSION = YES;
				CLANG_WARN_OBJC_ROOT_CLASS = YES_ERROR;
				CLANG_WARN_RANGE_LOOP_ANALYSIS = YES;
				CLANG_WARN_STRICT_PROTOTYPES = YES;
				CLANG_WARN_SUSPICIOUS_MOVE = YES;
				CLANG_WARN_UNGUARDED_AVAILABILITY = YES_AGGRESSIVE;
				CLANG_WARN_UNREACHABLE_CODE = YES;
				CLANG_WARN__DUPLICATE_METHOD_MATCH = YES;
				CODE_SIGN_IDENTITY = "iPhone Developer";
				COPY_PHASE_STRIP = NO;
				DEBUG_INFORMATION_FORMAT = dwarf;
				ENABLE_STRICT_OBJC_MSGSEND = YES;
				ENABLE_TESTABILITY = YES;
				GCC_C_LANGUAGE_STANDARD = gnu11;
				GCC_DYNAMIC_NO_PIC = NO;
				GCC_NO_COMMON_BLOCKS = YES;
				GCC_OPTIMIZATION_LEVEL = 0;
				GCC_PREPROCESSOR_DEFINITIONS = (
					"DEBUG=1",
					"$(inherited)",
				);
				GCC_WARN_64_TO_32_BIT_CONVERSION = YES;
				GCC_WARN_ABOUT_RETURN_TYPE = YES_ERROR;
				GCC_WARN_UNDECLARED_SELECTOR = YES;
				GCC_WARN_UNINITIALIZED_AUTOS = YES_AGGRESSIVE;
				GCC_WARN_UNUSED_FUNCTION = YES;
				GCC_WARN_UNUSED_VARIABLE = YES;
				IPHONEOS_DEPLOYMENT_TARGET = 11.2;
				MTL_ENABLE_DEBUG_INFO = YES;
				ONLY_ACTIVE_ARCH = YES;
				SDKROOT = iphoneos;
				SWIFT_ACTIVE_COMPILATION_CONDITIONS = DEBUG;
				SWIFT_OPTIMIZATION_LEVEL = "-Onone";
			};
			name = Debug;
		};
		72F88DE820018D5100707733 /* Release */ = {
			isa = XCBuildConfiguration;
			buildSettings = {
				ALWAYS_SEARCH_USER_PATHS = NO;
				CLANG_ANALYZER_NONNULL = YES;
				CLANG_ANALYZER_NUMBER_OBJECT_CONVERSION = YES_AGGRESSIVE;
				CLANG_CXX_LANGUAGE_STANDARD = "gnu++14";
				CLANG_CXX_LIBRARY = "libc++";
				CLANG_ENABLE_MODULES = YES;
				CLANG_ENABLE_OBJC_ARC = YES;
				CLANG_WARN_BLOCK_CAPTURE_AUTORELEASING = YES;
				CLANG_WARN_BOOL_CONVERSION = YES;
				CLANG_WARN_COMMA = YES;
				CLANG_WARN_CONSTANT_CONVERSION = YES;
				CLANG_WARN_DIRECT_OBJC_ISA_USAGE = YES_ERROR;
				CLANG_WARN_DOCUMENTATION_COMMENTS = YES;
				CLANG_WARN_EMPTY_BODY = YES;
				CLANG_WARN_ENUM_CONVERSION = YES;
				CLANG_WARN_INFINITE_RECURSION = YES;
				CLANG_WARN_INT_CONVERSION = YES;
				CLANG_WARN_NON_LITERAL_NULL_CONVERSION = YES;
				CLANG_WARN_OBJC_LITERAL_CONVERSION = YES;
				CLANG_WARN_OBJC_ROOT_CLASS = YES_ERROR;
				CLANG_WARN_RANGE_LOOP_ANALYSIS = YES;
				CLANG_WARN_STRICT_PROTOTYPES = YES;
				CLANG_WARN_SUSPICIOUS_MOVE = YES;
				CLANG_WARN_UNGUARDED_AVAILABILITY = YES_AGGRESSIVE;
				CLANG_WARN_UNREACHABLE_CODE = YES;
				CLANG_WARN__DUPLICATE_METHOD_MATCH = YES;
				CODE_SIGN_IDENTITY = "iPhone Developer";
				COPY_PHASE_STRIP = NO;
				DEBUG_INFORMATION_FORMAT = "dwarf-with-dsym";
				ENABLE_NS_ASSERTIONS = NO;
				ENABLE_STRICT_OBJC_MSGSEND = YES;
				GCC_C_LANGUAGE_STANDARD = gnu11;
				GCC_NO_COMMON_BLOCKS = YES;
				GCC_WARN_64_TO_32_BIT_CONVERSION = YES;
				GCC_WARN_ABOUT_RETURN_TYPE = YES_ERROR;
				GCC_WARN_UNDECLARED_SELECTOR = YES;
				GCC_WARN_UNINITIALIZED_AUTOS = YES_AGGRESSIVE;
				GCC_WARN_UNUSED_FUNCTION = YES;
				GCC_WARN_UNUSED_VARIABLE = YES;
				IPHONEOS_DEPLOYMENT_TARGET = 11.2;
				MTL_ENABLE_DEBUG_INFO = NO;
				SDKROOT = iphoneos;
				SWIFT_OPTIMIZATION_LEVEL = "-Owholemodule";
				VALIDATE_PRODUCT = YES;
			};
			name = Release;
		};
		72F88DEA20018D5100707733 /* Debug */ = {
			isa = XCBuildConfiguration;
			buildSettings = {
				ASSETCATALOG_COMPILER_APPICON_NAME = AppIcon;
				CODE_SIGN_STYLE = Automatic;
				DEVELOPMENT_TEAM = 8FEPG5HWR5;
				INFOPLIST_FILE = "On The Map/Info.plist";
				LD_RUNPATH_SEARCH_PATHS = "$(inherited) @executable_path/Frameworks";
				PRODUCT_BUNDLE_IDENTIFIER = "com.timothyng.On-The-Map";
				PRODUCT_NAME = "$(TARGET_NAME)";
				SWIFT_VERSION = 4.0;
				TARGETED_DEVICE_FAMILY = "1,2";
			};
			name = Debug;
		};
		72F88DEB20018D5100707733 /* Release */ = {
			isa = XCBuildConfiguration;
			buildSettings = {
				ASSETCATALOG_COMPILER_APPICON_NAME = AppIcon;
				CODE_SIGN_STYLE = Automatic;
				DEVELOPMENT_TEAM = 8FEPG5HWR5;
				INFOPLIST_FILE = "On The Map/Info.plist";
				LD_RUNPATH_SEARCH_PATHS = "$(inherited) @executable_path/Frameworks";
				PRODUCT_BUNDLE_IDENTIFIER = "com.timothyng.On-The-Map";
				PRODUCT_NAME = "$(TARGET_NAME)";
				SWIFT_VERSION = 4.0;
				TARGETED_DEVICE_FAMILY = "1,2";
			};
			name = Release;
		};
/* End XCBuildConfiguration section */

/* Begin XCConfigurationList section */
		72F88DD220018D5100707733 /* Build configuration list for PBXProject "On The Map" */ = {
			isa = XCConfigurationList;
			buildConfigurations = (
				72F88DE720018D5100707733 /* Debug */,
				72F88DE820018D5100707733 /* Release */,
			);
			defaultConfigurationIsVisible = 0;
			defaultConfigurationName = Release;
		};
		72F88DE920018D5100707733 /* Build configuration list for PBXNativeTarget "On The Map" */ = {
			isa = XCConfigurationList;
			buildConfigurations = (
				72F88DEA20018D5100707733 /* Debug */,
				72F88DEB20018D5100707733 /* Release */,
			);
			defaultConfigurationIsVisible = 0;
			defaultConfigurationName = Release;
		};
/* End XCConfigurationList section */
	};
	rootObject = 72F88DCF20018D5100707733 /* Project object */;
}
